
Microsoft Visual Studio Solution File, Format Version 12.00
# Visual Studio Version 17
VisualStudioVersion = 17.7.34018.315
MinimumVisualStudioVersion = 10.0.40219.1
Project("{9A19103F-16F7-4668-BE54-9A1E7A4F7556}") = "StresserNanoBiolab", "StresserNanoBiolab.csproj", "{ACA95E25-2E3E-484B-A346-BC818E26D4AA}"
EndProject
Global
	GlobalSection(SolutionConfigurationPlatforms) = preSolution
		Debug|Any CPU = Debug|Any CPU
		Release|Any CPU = Release|Any CPU
	EndGlobalSection
	GlobalSection(ProjectConfigurationPlatforms) = postSolution
		{ACA95E25-2E3E-484B-A346-BC818E26D4AA}.Debug|Any CPU.ActiveCfg = Debug|Any CPU
		{ACA95E25-2E3E-484B-A346-BC818E26D4AA}.Debug|Any CPU.Build.0 = Debug|Any CPU
		{ACA95E25-2E3E-484B-A346-BC818E26D4AA}.Release|Any CPU.ActiveCfg = Release|Any CPU
		{ACA95E25-2E3E-484B-A346-BC818E26D4AA}.Release|Any CPU.Build.0 = Release|Any CPU
	EndGlobalSection
	GlobalSection(SolutionProperties) = preSolution
		HideSolutionNode = FALSE
	EndGlobalSection
	GlobalSection(ExtensibilityGlobals) = postSolution
		SolutionGuid = {C79F9A1E-EB58-4CCD-843F-8C2B6E8763D6}
	EndGlobalSection
EndGlobal
